
Microsoft Visual Studio Solution File, Format Version 12.00
# Visual Studio 14
VisualStudioVersion = 14.0.25420.1
MinimumVisualStudioVersion = 10.0.40219.1
Project("{FAE04EC0-301F-11D3-BF4B-00C04F79EFBC}") = "WpfApplication2", "WpfApplication2\WpfApplication2.csproj", "{96412916-734D-4738-83FA-06FD586BAB43}"
EndProject
Project("{FAE04EC0-301F-11D3-BF4B-00C04F79EFBC}") = "Tests", "Tests\Tests.csproj", "{71C2BEC8-2CB3-4E1A-88B0-D5DCCB5FA7CD}"
EndProject
Global
	GlobalSection(SolutionConfigurationPlatforms) = preSolution
		Debug|Any CPU = Debug|Any CPU
		Release|Any CPU = Release|Any CPU
	EndGlobalSection
	GlobalSection(ProjectConfigurationPlatforms) = postSolution
		{96412916-734D-4738-83FA-06FD586BAB43}.Debug|Any CPU.ActiveCfg = Debug|Any CPU
		{96412916-734D-4738-83FA-06FD586BAB43}.Debug|Any CPU.Build.0 = Debug|Any CPU
		{96412916-734D-4738-83FA-06FD586BAB43}.Release|Any CPU.ActiveCfg = Release|Any CPU
		{96412916-734D-4738-83FA-06FD586BAB43}.Release|Any CPU.Build.0 = Release|Any CPU
		{71C2BEC8-2CB3-4E1A-88B0-D5DCCB5FA7CD}.Debug|Any CPU.ActiveCfg = Debug|Any CPU
		{71C2BEC8-2CB3-4E1A-88B0-D5DCCB5FA7CD}.Debug|Any CPU.Build.0 = Debug|Any CPU
		{71C2BEC8-2CB3-4E1A-88B0-D5DCCB5FA7CD}.Release|Any CPU.ActiveCfg = Release|Any CPU
		{71C2BEC8-2CB3-4E1A-88B0-D5DCCB5FA7CD}.Release|Any CPU.Build.0 = Release|Any CPU
	EndGlobalSection
	GlobalSection(SolutionProperties) = preSolution
		HideSolutionNode = FALSE
	EndGlobalSection
EndGlobal
