
Microsoft Visual Studio Solution File, Format Version 12.00
# Visual Studio 14
VisualStudioVersion = 14.0.25420.1
MinimumVisualStudioVersion = 10.0.40219.1
Project("{FAE04EC0-301F-11D3-BF4B-00C04F79EFBC}") = "Deadlock", "ThreadsSync\Deadlock.csproj", "{AA88F46F-1E2F-49A6-B528-AD7CBD59BD75}"
EndProject
Global
	GlobalSection(SolutionConfigurationPlatforms) = preSolution
		Debug|Any CPU = Debug|Any CPU
		Release|Any CPU = Release|Any CPU
	EndGlobalSection
	GlobalSection(ProjectConfigurationPlatforms) = postSolution
		{AA88F46F-1E2F-49A6-B528-AD7CBD59BD75}.Debug|Any CPU.ActiveCfg = Debug|Any CPU
		{AA88F46F-1E2F-49A6-B528-AD7CBD59BD75}.Debug|Any CPU.Build.0 = Debug|Any CPU
		{AA88F46F-1E2F-49A6-B528-AD7CBD59BD75}.Release|Any CPU.ActiveCfg = Release|Any CPU
		{AA88F46F-1E2F-49A6-B528-AD7CBD59BD75}.Release|Any CPU.Build.0 = Release|Any CPU
	EndGlobalSection
	GlobalSection(SolutionProperties) = preSolution
		HideSolutionNode = FALSE
	EndGlobalSection
EndGlobal
